
Microsoft Visual Studio Solution File, Format Version 12.00
# Visual Studio Version 17
VisualStudioVersion = 17.7.34221.43
MinimumVisualStudioVersion = 10.0.40219.1
Project("{FAE04EC0-301F-11D3-BF4B-00C04F79EFBC}") = "CurrencyApp", "CurrencyApp\CurrencyApp.csproj", "{BCD85345-71BF-49D2-8DA6-AC0608CAD068}"
EndProject
Global
	GlobalSection(SolutionConfigurationPlatforms) = preSolution
		Debug|Any CPU = Debug|Any CPU
		Release|Any CPU = Release|Any CPU
	EndGlobalSection
	GlobalSection(ProjectConfigurationPlatforms) = postSolution
		{BCD85345-71BF-49D2-8DA6-AC0608CAD068}.Debug|Any CPU.ActiveCfg = Debug|Any CPU
		{BCD85345-71BF-49D2-8DA6-AC0608CAD068}.Debug|Any CPU.Build.0 = Debug|Any CPU
		{BCD85345-71BF-49D2-8DA6-AC0608CAD068}.Release|Any CPU.ActiveCfg = Release|Any CPU
		{BCD85345-71BF-49D2-8DA6-AC0608CAD068}.Release|Any CPU.Build.0 = Release|Any CPU
	EndGlobalSection
	GlobalSection(SolutionProperties) = preSolution
		HideSolutionNode = FALSE
	EndGlobalSection
	GlobalSection(ExtensibilityGlobals) = postSolution
		SolutionGuid = {637C8FD1-1444-40BC-8CC0-6EA2F4080809}
	EndGlobalSection
EndGlobal
